
Microsoft Visual Studio Solution File, Format Version 12.00
# Visual Studio Version 17
VisualStudioVersion = 17.8.34525.116
MinimumVisualStudioVersion = 10.0.40219.1
Project("{FAE04EC0-301F-11D3-BF4B-00C04F79EFBC}") = "laba_8", "laba_8\laba_8.csproj", "{BCD69603-AC57-487F-92BA-9C16FEA23467}"
EndProject
Global
	GlobalSection(SolutionConfigurationPlatforms) = preSolution
		Debug|Any CPU = Debug|Any CPU
		Release|Any CPU = Release|Any CPU
	EndGlobalSection
	GlobalSection(ProjectConfigurationPlatforms) = postSolution
		{BCD69603-AC57-487F-92BA-9C16FEA23467}.Debug|Any CPU.ActiveCfg = Debug|Any CPU
		{BCD69603-AC57-487F-92BA-9C16FEA23467}.Debug|Any CPU.Build.0 = Debug|Any CPU
		{BCD69603-AC57-487F-92BA-9C16FEA23467}.Release|Any CPU.ActiveCfg = Release|Any CPU
		{BCD69603-AC57-487F-92BA-9C16FEA23467}.Release|Any CPU.Build.0 = Release|Any CPU
	EndGlobalSection
	GlobalSection(SolutionProperties) = preSolution
		HideSolutionNode = FALSE
	EndGlobalSection
	GlobalSection(ExtensibilityGlobals) = postSolution
		SolutionGuid = {C9843E48-B5FE-427A-A1D0-B2414E88AF6B}
	EndGlobalSection
EndGlobal
